
Microsoft Visual Studio Solution File, Format Version 12.00
# Visual Studio Version 16
VisualStudioVersion = 16.0.31702.278
MinimumVisualStudioVersion = 10.0.40219.1
Project("{9A19103F-16F7-4668-BE54-9A1E7A4F7556}") = "BibleApp", "BibleApp\BibleApp.csproj", "{545D056A-B782-40B3-B2A8-F1B8F2B7B95D}"
EndProject
Project("{9A19103F-16F7-4668-BE54-9A1E7A4F7556}") = "BibleDomain", "BibleDomain\BibleDomain.csproj", "{1669E577-5B90-4D80-808F-D5E41D525CE1}"
EndProject
Project("{9A19103F-16F7-4668-BE54-9A1E7A4F7556}") = "BibleComonInterface", "BibleComonInterface\BibleComonInterface.csproj", "{945359CD-2F0E-4D14-9C9E-FE8252B62C50}"
EndProject
Project("{9A19103F-16F7-4668-BE54-9A1E7A4F7556}") = "BibleData", "BibleData\BibleData.csproj", "{EA167CF0-4737-4093-A714-6D99EBA9173E}"
EndProject
Project("{9A19103F-16F7-4668-BE54-9A1E7A4F7556}") = "BibleDataTest", "BibleDataTest\BibleDataTest.csproj", "{9CBED888-1A0E-4D3E-9093-2459A2E248B6}"
EndProject
Project("{FAE04EC0-301F-11D3-BF4B-00C04F79EFBC}") = "BibleDomainTest", "BibleDomainTest\BibleDomainTest.csproj", "{8D4DC4F9-6AB6-4C14-BB88-E9DC34409BAA}"
EndProject
Global
	GlobalSection(SolutionConfigurationPlatforms) = preSolution
		Debug|Any CPU = Debug|Any CPU
		Release|Any CPU = Release|Any CPU
	EndGlobalSection
	GlobalSection(ProjectConfigurationPlatforms) = postSolution
		{545D056A-B782-40B3-B2A8-F1B8F2B7B95D}.Debug|Any CPU.ActiveCfg = Debug|Any CPU
		{545D056A-B782-40B3-B2A8-F1B8F2B7B95D}.Debug|Any CPU.Build.0 = Debug|Any CPU
		{545D056A-B782-40B3-B2A8-F1B8F2B7B95D}.Release|Any CPU.ActiveCfg = Release|Any CPU
		{545D056A-B782-40B3-B2A8-F1B8F2B7B95D}.Release|Any CPU.Build.0 = Release|Any CPU
		{1669E577-5B90-4D80-808F-D5E41D525CE1}.Debug|Any CPU.ActiveCfg = Debug|Any CPU
		{1669E577-5B90-4D80-808F-D5E41D525CE1}.Debug|Any CPU.Build.0 = Debug|Any CPU
		{1669E577-5B90-4D80-808F-D5E41D525CE1}.Release|Any CPU.ActiveCfg = Release|Any CPU
		{1669E577-5B90-4D80-808F-D5E41D525CE1}.Release|Any CPU.Build.0 = Release|Any CPU
		{945359CD-2F0E-4D14-9C9E-FE8252B62C50}.Debug|Any CPU.ActiveCfg = Debug|Any CPU
		{945359CD-2F0E-4D14-9C9E-FE8252B62C50}.Debug|Any CPU.Build.0 = Debug|Any CPU
		{945359CD-2F0E-4D14-9C9E-FE8252B62C50}.Release|Any CPU.ActiveCfg = Release|Any CPU
		{945359CD-2F0E-4D14-9C9E-FE8252B62C50}.Release|Any CPU.Build.0 = Release|Any CPU
		{EA167CF0-4737-4093-A714-6D99EBA9173E}.Debug|Any CPU.ActiveCfg = Debug|Any CPU
		{EA167CF0-4737-4093-A714-6D99EBA9173E}.Debug|Any CPU.Build.0 = Debug|Any CPU
		{EA167CF0-4737-4093-A714-6D99EBA9173E}.Release|Any CPU.ActiveCfg = Release|Any CPU
		{EA167CF0-4737-4093-A714-6D99EBA9173E}.Release|Any CPU.Build.0 = Release|Any CPU
		{9CBED888-1A0E-4D3E-9093-2459A2E248B6}.Debug|Any CPU.ActiveCfg = Debug|Any CPU
		{9CBED888-1A0E-4D3E-9093-2459A2E248B6}.Debug|Any CPU.Build.0 = Debug|Any CPU
		{9CBED888-1A0E-4D3E-9093-2459A2E248B6}.Release|Any CPU.ActiveCfg = Release|Any CPU
		{9CBED888-1A0E-4D3E-9093-2459A2E248B6}.Release|Any CPU.Build.0 = Release|Any CPU
		{8D4DC4F9-6AB6-4C14-BB88-E9DC34409BAA}.Debug|Any CPU.ActiveCfg = Debug|Any CPU
		{8D4DC4F9-6AB6-4C14-BB88-E9DC34409BAA}.Debug|Any CPU.Build.0 = Debug|Any CPU
		{8D4DC4F9-6AB6-4C14-BB88-E9DC34409BAA}.Release|Any CPU.ActiveCfg = Release|Any CPU
		{8D4DC4F9-6AB6-4C14-BB88-E9DC34409BAA}.Release|Any CPU.Build.0 = Release|Any CPU
	EndGlobalSection
	GlobalSection(SolutionProperties) = preSolution
		HideSolutionNode = FALSE
	EndGlobalSection
	GlobalSection(ExtensibilityGlobals) = postSolution
		SolutionGuid = {B37B7C83-A5A9-4188-8D63-82F6C6FEBB40}
	EndGlobalSection
EndGlobal
